
Microsoft Visual Studio Solution File, Format Version 12.00
# Visual Studio Version 17
VisualStudioVersion = 17.0.32014.148
MinimumVisualStudioVersion = 10.0.40219.1
Project("{9A19103F-16F7-4668-BE54-9A1E7A4F7556}") = "TinyBombe", "TinyBombe\TinyBombe.csproj", "{D459CCB0-7B3D-4DB1-84A4-1BFB337965A7}"
EndProject
Global
	GlobalSection(SolutionConfigurationPlatforms) = preSolution
		Debug|Any CPU = Debug|Any CPU
		Release|Any CPU = Release|Any CPU
	EndGlobalSection
	GlobalSection(ProjectConfigurationPlatforms) = postSolution
		{D459CCB0-7B3D-4DB1-84A4-1BFB337965A7}.Debug|Any CPU.ActiveCfg = Debug|Any CPU
		{D459CCB0-7B3D-4DB1-84A4-1BFB337965A7}.Debug|Any CPU.Build.0 = Debug|Any CPU
		{D459CCB0-7B3D-4DB1-84A4-1BFB337965A7}.Release|Any CPU.ActiveCfg = Release|Any CPU
		{D459CCB0-7B3D-4DB1-84A4-1BFB337965A7}.Release|Any CPU.Build.0 = Release|Any CPU
	EndGlobalSection
	GlobalSection(SolutionProperties) = preSolution
		HideSolutionNode = FALSE
	EndGlobalSection
	GlobalSection(ExtensibilityGlobals) = postSolution
		SolutionGuid = {0AE4E8D0-B7D5-4277-9AD1-6A71A7AABB79}
	EndGlobalSection
EndGlobal
